
Microsoft Visual Studio Solution File, Format Version 12.00
# Visual Studio Version 16
VisualStudioVersion = 16.0.29509.3
MinimumVisualStudioVersion = 10.0.40219.1
Project("{8BC9CEB8-8B4A-11D0-8D11-00A0C91BC942}") = "ARRAY_", "ARRAY_\ARRAY_.vcxproj", "{C3441E57-D563-4975-ABB1-AF7B8F97EC1B}"
EndProject
Global
	GlobalSection(SolutionConfigurationPlatforms) = preSolution
		Debug|x64 = Debug|x64
		Debug|x86 = Debug|x86
		Release|x64 = Release|x64
		Release|x86 = Release|x86
	EndGlobalSection
	GlobalSection(ProjectConfigurationPlatforms) = postSolution
		{C3441E57-D563-4975-ABB1-AF7B8F97EC1B}.Debug|x64.ActiveCfg = Debug|x64
		{C3441E57-D563-4975-ABB1-AF7B8F97EC1B}.Debug|x64.Build.0 = Debug|x64
		{C3441E57-D563-4975-ABB1-AF7B8F97EC1B}.Debug|x86.ActiveCfg = Debug|Win32
		{C3441E57-D563-4975-ABB1-AF7B8F97EC1B}.Debug|x86.Build.0 = Debug|Win32
		{C3441E57-D563-4975-ABB1-AF7B8F97EC1B}.Release|x64.ActiveCfg = Release|x64
		{C3441E57-D563-4975-ABB1-AF7B8F97EC1B}.Release|x64.Build.0 = Release|x64
		{C3441E57-D563-4975-ABB1-AF7B8F97EC1B}.Release|x86.ActiveCfg = Release|Win32
		{C3441E57-D563-4975-ABB1-AF7B8F97EC1B}.Release|x86.Build.0 = Release|Win32
	EndGlobalSection
	GlobalSection(SolutionProperties) = preSolution
		HideSolutionNode = FALSE
	EndGlobalSection
	GlobalSection(ExtensibilityGlobals) = postSolution
		SolutionGuid = {F5AFD0B1-2695-4648-B3C6-311447DF3DF0}
	EndGlobalSection
EndGlobal
